
Microsoft Visual Studio Solution File, Format Version 12.00
# Visual Studio 15
VisualStudioVersion = 15.0.26430.12
MinimumVisualStudioVersion = 10.0.40219.1
Project("{FAE04EC0-301F-11D3-BF4B-00C04F79EFBC}") = "LogisuiteEmployeesService", "LogisuiteEmployeesService\LogisuiteEmployeesService.csproj", "{42A37396-4B24-4B28-841E-4810FBEC9994}"
EndProject
Project("{FAE04EC0-301F-11D3-BF4B-00C04F79EFBC}") = "LogisuiteEmployeePresentation", "LogisuiteEmployeePresentation\LogisuiteEmployeePresentation.csproj", "{FA6EA49C-E169-4760-AB61-B7CECCA8CDF3}"
	ProjectSection(ProjectDependencies) = postProject
		{42A37396-4B24-4B28-841E-4810FBEC9994} = {42A37396-4B24-4B28-841E-4810FBEC9994}
	EndProjectSection
EndProject
Global
	GlobalSection(SolutionConfigurationPlatforms) = preSolution
		Debug|Any CPU = Debug|Any CPU
		Release|Any CPU = Release|Any CPU
	EndGlobalSection
	GlobalSection(ProjectConfigurationPlatforms) = postSolution
		{42A37396-4B24-4B28-841E-4810FBEC9994}.Debug|Any CPU.ActiveCfg = Debug|Any CPU
		{42A37396-4B24-4B28-841E-4810FBEC9994}.Debug|Any CPU.Build.0 = Debug|Any CPU
		{42A37396-4B24-4B28-841E-4810FBEC9994}.Release|Any CPU.ActiveCfg = Release|Any CPU
		{42A37396-4B24-4B28-841E-4810FBEC9994}.Release|Any CPU.Build.0 = Release|Any CPU
		{FA6EA49C-E169-4760-AB61-B7CECCA8CDF3}.Debug|Any CPU.ActiveCfg = Debug|Any CPU
		{FA6EA49C-E169-4760-AB61-B7CECCA8CDF3}.Debug|Any CPU.Build.0 = Debug|Any CPU
		{FA6EA49C-E169-4760-AB61-B7CECCA8CDF3}.Release|Any CPU.ActiveCfg = Release|Any CPU
		{FA6EA49C-E169-4760-AB61-B7CECCA8CDF3}.Release|Any CPU.Build.0 = Release|Any CPU
	EndGlobalSection
	GlobalSection(SolutionProperties) = preSolution
		HideSolutionNode = FALSE
	EndGlobalSection
EndGlobal
